{
  "name": "random-str-msg-fnc",
  "version": "1.1.0",
  "lockfileVersion": 3,
  "requires": true,
  "packages": {
    "": {
      "name": "random-str-msg-fnc",
      "version": "1.1.0",
      "license": "MIT",
      "dependencies": {
        "g": "^2.0.1",
        "random-str-msg-fnc": "^1.1.0"
      },
      "bin": {
        "random-str-msg": "bin/global.js"
      }
    },
    "node_modules/g": {
      "version": "2.0.1",
      "resolved": "https://registry.npmjs.org/g/-/g-2.0.1.tgz",
      "integrity": "sha512-Fi6Ng5fZ/ANLQ15H11hCe+09sgUoNvDEBevVgx3KoYOhsH5iLNPn54hx0jPZ+3oSWr+xajnp2Qau9VmPsc7hTA=="
    },
    "node_modules/random-str-msg-fnc": {
      "version": "1.1.0",
      "resolved": "https://registry.npmjs.org/random-str-msg-fnc/-/random-str-msg-fnc-1.1.0.tgz",
      "integrity": "sha512-q06zQAE3ASmXhacJOJiLQiGfUFeMlH39sCzolN110n9rHivLhxbBAKCnjXNBoRh+CP9S8fqp4UeNUFeJkkbGsg==",
      "dependencies": {
        "g": "^2.0.1"
      },
      "bin": {
        "random-str-msg": "bin/global.js"
      }
    }
  }
}
